
Microsoft Visual Studio Solution File, Format Version 12.00
# Visual Studio Version 17
VisualStudioVersion = 17.2.32616.157
MinimumVisualStudioVersion = 10.0.40219.1
Project("{FAE04EC0-301F-11D3-BF4B-00C04F79EFBC}") = "Lab_6cshp", "Lab_6cshp\Lab_6cshp.csproj", "{01AA5690-6B40-44AB-A5B5-BBF6330A9A44}"
EndProject
Global
	GlobalSection(SolutionConfigurationPlatforms) = preSolution
		Debug|Any CPU = Debug|Any CPU
		Release|Any CPU = Release|Any CPU
	EndGlobalSection
	GlobalSection(ProjectConfigurationPlatforms) = postSolution
		{01AA5690-6B40-44AB-A5B5-BBF6330A9A44}.Debug|Any CPU.ActiveCfg = Debug|Any CPU
		{01AA5690-6B40-44AB-A5B5-BBF6330A9A44}.Debug|Any CPU.Build.0 = Debug|Any CPU
		{01AA5690-6B40-44AB-A5B5-BBF6330A9A44}.Release|Any CPU.ActiveCfg = Release|Any CPU
		{01AA5690-6B40-44AB-A5B5-BBF6330A9A44}.Release|Any CPU.Build.0 = Release|Any CPU
	EndGlobalSection
	GlobalSection(SolutionProperties) = preSolution
		HideSolutionNode = FALSE
	EndGlobalSection
	GlobalSection(ExtensibilityGlobals) = postSolution
		SolutionGuid = {F62D149C-D0B4-4AC7-9937-F2D4458A1BFA}
	EndGlobalSection
EndGlobal
